
Microsoft Visual Studio Solution File, Format Version 11.00
# Visual Studio 2010
Project("{FAE04EC0-301F-11D3-BF4B-00C04F79EFBC}") = "Pertemuan2", "Pertemuan2\Pertemuan2.csproj", "{EE08DD0B-0C57-436C-9EAB-9818C9EFC631}"
EndProject
Global
	GlobalSection(SolutionConfigurationPlatforms) = preSolution
		Debug|x86 = Debug|x86
		Release|x86 = Release|x86
	EndGlobalSection
	GlobalSection(ProjectConfigurationPlatforms) = postSolution
		{EE08DD0B-0C57-436C-9EAB-9818C9EFC631}.Debug|x86.ActiveCfg = Debug|x86
		{EE08DD0B-0C57-436C-9EAB-9818C9EFC631}.Debug|x86.Build.0 = Debug|x86
		{EE08DD0B-0C57-436C-9EAB-9818C9EFC631}.Release|x86.ActiveCfg = Release|x86
		{EE08DD0B-0C57-436C-9EAB-9818C9EFC631}.Release|x86.Build.0 = Release|x86
	EndGlobalSection
	GlobalSection(SolutionProperties) = preSolution
		HideSolutionNode = FALSE
	EndGlobalSection
EndGlobal
